#MicroXplorer Configuration settings - do not modify
File.Version=6
I2C1.I2C_Mode=I2C_Fast
I2C1.IPParameters=I2C_Mode
KeepUserPlacement=true
Mcu.Family=STM32F4
Mcu.IP0=I2C1
Mcu.IP1=NVIC
Mcu.IP10=USART2
Mcu.IP2=RCC
Mcu.IP3=SYS
Mcu.IP4=TIM1
Mcu.IP5=TIM2
Mcu.IP6=TIM3
Mcu.IP7=TIM4
Mcu.IP8=TIM5
Mcu.IP9=USART1
Mcu.IPNb=11
Mcu.Name=STM32F411R(C-E)Tx
Mcu.Package=LQFP64
Mcu.Pin0=PC13-ANTI_TAMP
Mcu.Pin1=PC14-OSC32_IN
Mcu.Pin10=PA6
Mcu.Pin11=PA7
Mcu.Pin12=PC9
Mcu.Pin13=PA9
Mcu.Pin14=PA10
Mcu.Pin15=PA13
Mcu.Pin16=PA14
Mcu.Pin17=PA15
Mcu.Pin18=PB3
Mcu.Pin19=PB4
Mcu.Pin2=PC15-OSC32_OUT
Mcu.Pin20=PB7
Mcu.Pin21=PB8
Mcu.Pin22=PB9
Mcu.Pin23=VP_SYS_VS_Systick
Mcu.Pin24=VP_TIM1_VS_ClockSourceINT
Mcu.Pin25=VP_TIM3_VS_ClockSourceINT
Mcu.Pin26=VP_TIM4_VS_ControllerModeClock
Mcu.Pin27=VP_TIM4_VS_ClockSourceITR
Mcu.Pin3=PH0 - OSC_IN
Mcu.Pin4=PH1 - OSC_OUT
Mcu.Pin5=PA0-WKUP
Mcu.Pin6=PA1
Mcu.Pin7=PA2
Mcu.Pin8=PA3
Mcu.Pin9=PA5
Mcu.PinsNb=28
Mcu.ThirdPartyNb=0
Mcu.UserConstants=
Mcu.UserName=STM32F411RETx
MxCube.Version=4.22.1
MxDb.Version=DB.4.0.221
NVIC.BusFault_IRQn=true\:0\:0\:false\:false\:false\:true
NVIC.DebugMonitor_IRQn=true\:0\:0\:false\:false\:false\:true
NVIC.HardFault_IRQn=true\:0\:0\:false\:false\:false\:true
NVIC.I2C1_EV_IRQn=true\:0\:0\:false\:false\:true\:true
NVIC.MemoryManagement_IRQn=true\:0\:0\:false\:false\:false\:true
NVIC.NonMaskableInt_IRQn=true\:0\:0\:false\:false\:false\:true
NVIC.PendSV_IRQn=true\:0\:0\:false\:false\:true\:true
NVIC.PriorityGroup=NVIC_PRIORITYGROUP_0
NVIC.SVCall_IRQn=true\:0\:0\:false\:false\:true\:true
NVIC.SysTick_IRQn=true\:0\:0\:false\:false\:true\:true
NVIC.USART1_IRQn=true\:0\:0\:false\:false\:true\:true
NVIC.USART2_IRQn=true\:0\:0\:false\:false\:true\:true
NVIC.UsageFault_IRQn=true\:0\:0\:false\:false\:false\:true
PA0-WKUP.GPIOParameters=GPIO_ModeDefaultPP,GPIO_Speed,GPIO_PuPd,GPIO_Label
PA0-WKUP.GPIO_Label=ENCL_CH1[TIM5_CH1]
PA0-WKUP.GPIO_ModeDefaultPP=GPIO_MODE_AF_PP
PA0-WKUP.GPIO_PuPd=GPIO_NOPULL
PA0-WKUP.GPIO_Speed=GPIO_SPEED_FREQ_LOW
PA0-WKUP.Locked=true
PA0-WKUP.Signal=S_TIM5_CH1
PA1.GPIOParameters=GPIO_ModeDefaultPP,GPIO_Speed,GPIO_PuPd,GPIO_Label
PA1.GPIO_Label=ENCL_CH2[TIM5_CH2]
PA1.GPIO_ModeDefaultPP=GPIO_MODE_AF_PP
PA1.GPIO_PuPd=GPIO_NOPULL
PA1.GPIO_Speed=GPIO_SPEED_FREQ_LOW
PA1.Locked=true
PA1.Signal=S_TIM5_CH2
PA10.GPIOParameters=GPIO_Speed,GPIO_PuPd,GPIO_Label,GPIO_Mode
PA10.GPIO_Label=BLUETOOTH_RX[USART1_RX]
PA10.GPIO_Mode=GPIO_MODE_AF_PP
PA10.GPIO_PuPd=GPIO_PULLUP
PA10.GPIO_Speed=GPIO_SPEED_FREQ_VERY_HIGH
PA10.Locked=true
PA10.Mode=Asynchronous
PA10.Signal=USART1_RX
PA13.Locked=true
PA13.Signal=SYS_JTMS-SWDIO
PA14.Locked=true
PA14.Signal=SYS_JTCK-SWCLK
PA15.GPIOParameters=GPIO_ModeDefaultPP,GPIO_Speed,GPIO_PuPd,GPIO_Label
PA15.GPIO_Label=ENCR_CH1[TIM2_CH1]
PA15.GPIO_ModeDefaultPP=GPIO_MODE_AF_PP
PA15.GPIO_PuPd=GPIO_NOPULL
PA15.GPIO_Speed=GPIO_SPEED_FREQ_LOW
PA15.Locked=true
PA15.Signal=S_TIM2_CH1_ETR
PA2.GPIOParameters=GPIO_Speed,GPIO_PuPd,GPIO_Mode
PA2.GPIO_Mode=GPIO_MODE_AF_PP
PA2.GPIO_PuPd=GPIO_PULLUP
PA2.GPIO_Speed=GPIO_SPEED_FREQ_VERY_HIGH
PA2.Locked=true
PA2.Mode=Asynchronous
PA2.Signal=USART2_TX
PA3.GPIOParameters=GPIO_Speed,GPIO_PuPd,GPIO_Mode
PA3.GPIO_Mode=GPIO_MODE_AF_PP
PA3.GPIO_PuPd=GPIO_PULLUP
PA3.GPIO_Speed=GPIO_SPEED_FREQ_VERY_HIGH
PA3.Locked=true
PA3.Mode=Asynchronous
PA3.Signal=USART2_RX
PA5.GPIOParameters=GPIO_Label
PA5.GPIO_Label=MOTL_DIR[PA5]
PA5.Locked=true
PA5.Signal=GPIO_Output
PA6.GPIOParameters=GPIO_Label
PA6.GPIO_Label=MOTR_DIR[PA6]
PA6.Locked=true
PA6.Signal=GPIO_Output
PA7.GPIOParameters=GPIO_ModeDefaultPP,GPIO_Speed,GPIO_PuPd,GPIO_Label
PA7.GPIO_Label=PWM_MOTR[TIM3_CH2]
PA7.GPIO_ModeDefaultPP=GPIO_MODE_AF_PP
PA7.GPIO_PuPd=GPIO_NOPULL
PA7.GPIO_Speed=GPIO_SPEED_FREQ_LOW
PA7.Locked=true
PA7.Signal=S_TIM3_CH2
PA9.GPIOParameters=GPIO_Speed,GPIO_PuPd,GPIO_Label,GPIO_Mode
PA9.GPIO_Label=BLUETOOTH_TX[USART1_TX]
PA9.GPIO_Mode=GPIO_MODE_AF_PP
PA9.GPIO_PuPd=GPIO_PULLUP
PA9.GPIO_Speed=GPIO_SPEED_FREQ_VERY_HIGH
PA9.Locked=true
PA9.Mode=Asynchronous
PA9.Signal=USART1_TX
PB3.GPIOParameters=GPIO_ModeDefaultPP,GPIO_Speed,GPIO_PuPd,GPIO_Label
PB3.GPIO_Label=ENCR_CH2[TIM2_CH2]
PB3.GPIO_ModeDefaultPP=GPIO_MODE_AF_PP
PB3.GPIO_PuPd=GPIO_NOPULL
PB3.GPIO_Speed=GPIO_SPEED_FREQ_LOW
PB3.Locked=true
PB3.Signal=S_TIM2_CH2
PB4.GPIOParameters=GPIO_ModeDefaultPP,GPIO_Speed,GPIO_PuPd,GPIO_Label
PB4.GPIO_Label=PWM_MOTL[TIM3_CH1]
PB4.GPIO_ModeDefaultPP=GPIO_MODE_AF_PP
PB4.GPIO_PuPd=GPIO_NOPULL
PB4.GPIO_Speed=GPIO_SPEED_FREQ_LOW
PB4.Locked=true
PB4.Signal=S_TIM3_CH1
PB7.GPIOParameters=GPIO_PuPd,GPIO_Label
PB7.GPIO_Label=MPU_INT
PB7.GPIO_PuPd=GPIO_NOPULL
PB7.Locked=true
PB7.Signal=GPIO_Input
PB8.GPIOParameters=GPIO_Speed,GPIO_PuPdOD,GPIO_Mode
PB8.GPIO_Mode=GPIO_MODE_AF_OD
PB8.GPIO_PuPdOD=GPIO_PULLUP
PB8.GPIO_Speed=GPIO_SPEED_FREQ_VERY_HIGH
PB8.Locked=true
PB8.Mode=I2C
PB8.Signal=I2C1_SCL
PB9.GPIOParameters=GPIO_Speed,GPIO_PuPdOD,GPIO_Mode
PB9.GPIO_Mode=GPIO_MODE_AF_OD
PB9.GPIO_PuPdOD=GPIO_PULLUP
PB9.GPIO_Speed=GPIO_SPEED_FREQ_VERY_HIGH
PB9.Locked=true
PB9.Mode=I2C
PB9.Signal=I2C1_SDA
PC13-ANTI_TAMP.GPIOParameters=GPIO_PuPd,GPIO_ModeDefaultEXTI
PC13-ANTI_TAMP.GPIO_ModeDefaultEXTI=GPIO_MODE_IT_RISING
PC13-ANTI_TAMP.GPIO_PuPd=GPIO_NOPULL
PC13-ANTI_TAMP.Locked=true
PC13-ANTI_TAMP.Signal=GPXTI13
PC14-OSC32_IN.Locked=true
PC14-OSC32_IN.Signal=RCC_OSC32_IN
PC15-OSC32_OUT.Locked=true
PC15-OSC32_OUT.Signal=RCC_OSC32_OUT
PC9.GPIOParameters=GPIO_Speed,PinState,GPIO_Label
PC9.GPIO_Label=MPU_POWER
PC9.GPIO_Speed=GPIO_SPEED_FREQ_HIGH
PC9.Locked=true
PC9.PinState=GPIO_PIN_RESET
PC9.Signal=GPIO_Output
PCC.Checker=false
PCC.Line=STM32F411
PCC.MCU=STM32F411R(C-E)Tx
PCC.PartNumber=STM32F411RETx
PCC.Seq0=0
PCC.Series=STM32F4
PCC.Temperature=25
PCC.Vdd=null
PH0\ -\ OSC_IN.Locked=true
PH0\ -\ OSC_IN.Signal=RCC_OSC_IN
PH1\ -\ OSC_OUT.Locked=true
PH1\ -\ OSC_OUT.Signal=RCC_OSC_OUT
PinOutPanel.RotationAngle=0
ProjectManager.AskForMigrate=false
ProjectManager.BackupPrevious=true
ProjectManager.CompilerOptimize=2
ProjectManager.ComputerToolchain=false
ProjectManager.CoupleFile=true
ProjectManager.CustomerFirmwarePackage=
ProjectManager.DefaultFWLocation=true
ProjectManager.DeletePrevious=false
ProjectManager.DeviceId=STM32F411RETx
ProjectManager.FirmwarePackage=STM32Cube FW_F4 V1.16.0
ProjectManager.FreePins=false
ProjectManager.HalAssertFull=false
ProjectManager.HeapSize=0x200
ProjectManager.KeepUserCode=true
ProjectManager.LastFirmware=true
ProjectManager.LibraryCopy=1
ProjectManager.MainLocation=Src
ProjectManager.PreviousToolchain=TrueSTUDIO
ProjectManager.ProjectBuild=false
ProjectManager.ProjectFileName=CubeBot.ioc
ProjectManager.ProjectName=CubeBot
ProjectManager.StackSize=0x400
ProjectManager.TargetToolchain=TrueSTUDIO
ProjectManager.ToolChainLocation=
ProjectManager.UnderRoot=true
ProjectManager.functionlistsort=1-MX_GPIO_Init-GPIO-false-HAL-true,2-SystemClock_Config-RCC-false-HAL-true,3-MX_USART1_UART_Init-USART1-false-HAL-true,4-MX_USART2_UART_Init-USART2-false-HAL-true,5-MX_I2C1_Init-I2C1-false-HAL-true,6-MX_TIM3_Init-TIM3-false-HAL-true,7-MX_TIM5_Init-TIM5-false-HAL-true,8-MX_TIM2_Init-TIM2-false-HAL-true,9-MX_TIM1_Init-TIM1-false-HAL-true,10-MX_TIM4_Init-TIM4-false-HAL-true
RCC.48MHZClocksFreq_Value=50000000
RCC.AHBFreq_Value=100000000
RCC.APB1CLKDivider=RCC_HCLK_DIV2
RCC.APB1Freq_Value=50000000
RCC.APB1TimFreq_Value=100000000
RCC.APB2Freq_Value=100000000
RCC.APB2TimFreq_Value=100000000
RCC.CortexFreq_Value=100000000
RCC.EthernetFreq_Value=100000000
RCC.FCLKCortexFreq_Value=100000000
RCC.FLatency-AdvancedSettings=FLASH_LATENCY_3
RCC.FamilyName=M
RCC.HCLKFreq_Value=100000000
RCC.HSE_VALUE=8000000
RCC.HSI_VALUE=16000000
RCC.I2SClocksFreq_Value=96000000
RCC.IPParameters=48MHZClocksFreq_Value,AHBFreq_Value,APB1CLKDivider,APB1Freq_Value,APB1TimFreq_Value,APB2Freq_Value,APB2TimFreq_Value,CortexFreq_Value,EthernetFreq_Value,FCLKCortexFreq_Value,FLatency-AdvancedSettings,FamilyName,HCLKFreq_Value,HSE_VALUE,HSI_VALUE,I2SClocksFreq_Value,LSE_VALUE,LSI_VALUE,MCO2PinFreq_Value,PLLCLKFreq_Value,PLLM,PLLN,PLLQCLKFreq_Value,RTCFreq_Value,RTCHSEDivFreq_Value,SYSCLKFreq_VALUE,SYSCLKSource,VCOI2SOutputFreq_Value,VCOInputFreq_Value,VCOInputMFreq_Value,VCOOutputFreq_Value,VcooutputI2S
RCC.LSE_VALUE=32768
RCC.LSI_VALUE=32000
RCC.MCO2PinFreq_Value=100000000
RCC.PLLCLKFreq_Value=100000000
RCC.PLLM=8
RCC.PLLN=100
RCC.PLLQCLKFreq_Value=50000000
RCC.RTCFreq_Value=32000
RCC.RTCHSEDivFreq_Value=4000000
RCC.SYSCLKFreq_VALUE=100000000
RCC.SYSCLKSource=RCC_SYSCLKSOURCE_PLLCLK
RCC.VCOI2SOutputFreq_Value=192000000
RCC.VCOInputFreq_Value=2000000
RCC.VCOInputMFreq_Value=1000000
RCC.VCOOutputFreq_Value=200000000
RCC.VcooutputI2S=96000000
SH.GPXTI13.0=GPIO_EXTI13
SH.GPXTI13.ConfNb=1
SH.S_TIM2_CH1_ETR.0=TIM2_CH1,Encoder_Interface
SH.S_TIM2_CH1_ETR.ConfNb=1
SH.S_TIM2_CH2.0=TIM2_CH2,Encoder_Interface
SH.S_TIM2_CH2.ConfNb=1
SH.S_TIM3_CH1.0=TIM3_CH1,PWM Generation1 CH1
SH.S_TIM3_CH1.ConfNb=1
SH.S_TIM3_CH2.0=TIM3_CH2,PWM Generation2 CH2
SH.S_TIM3_CH2.ConfNb=1
SH.S_TIM5_CH1.0=TIM5_CH1,Encoder_Interface
SH.S_TIM5_CH1.ConfNb=1
SH.S_TIM5_CH2.0=TIM5_CH2,Encoder_Interface
SH.S_TIM5_CH2.ConfNb=1
TIM1.IPParameters=Prescaler,Period,TIM_MasterSlaveMode,TIM_MasterOutputTrigger
TIM1.Period=65535
TIM1.Prescaler=79
TIM1.TIM_MasterOutputTrigger=TIM_TRGO_UPDATE
TIM1.TIM_MasterSlaveMode=TIM_MASTERSLAVEMODE_ENABLE
TIM2.EncoderMode=TIM_ENCODERMODE_TI12
TIM2.IPParameters=Period,EncoderMode
TIM2.Period=4294967295
TIM3.Channel-PWM\ Generation1\ CH1=TIM_CHANNEL_1
TIM3.Channel-PWM\ Generation2\ CH2=TIM_CHANNEL_2
TIM3.IPParameters=Channel-PWM Generation2 CH2,Prescaler,Period,Pulse-PWM Generation2 CH2,Channel-PWM Generation1 CH1
TIM3.Period=65535
TIM3.Prescaler=9
TIM3.Pulse-PWM\ Generation2\ CH2=0
TIM4.IPParameters=Period
TIM4.Period=65535
TIM5.EncoderMode=TIM_ENCODERMODE_TI12
TIM5.IPParameters=Period,EncoderMode
TIM5.Period=4294967295
USART1.IPParameters=VirtualMode
USART1.VirtualMode=VM_ASYNC
USART2.IPParameters=VirtualMode
USART2.VirtualMode=VM_ASYNC
VP_SYS_VS_Systick.Mode=SysTick
VP_SYS_VS_Systick.Signal=SYS_VS_Systick
VP_TIM1_VS_ClockSourceINT.Mode=Internal
VP_TIM1_VS_ClockSourceINT.Signal=TIM1_VS_ClockSourceINT
VP_TIM3_VS_ClockSourceINT.Mode=Internal
VP_TIM3_VS_ClockSourceINT.Signal=TIM3_VS_ClockSourceINT
VP_TIM4_VS_ClockSourceITR.Mode=TriggerSource_ITR0
VP_TIM4_VS_ClockSourceITR.Signal=TIM4_VS_ClockSourceITR
VP_TIM4_VS_ControllerModeClock.Mode=Clock Mode
VP_TIM4_VS_ControllerModeClock.Signal=TIM4_VS_ControllerModeClock
board=NUCLEO-F411RE
boardIOC=true
